<?xml version="1.0" encoding="utf-8"?>
<Project ToolsVersion="15.0" xmlns="http://schemas.microsoft.com/developer/msbuild/2003">
  <ItemGroup>
    <CustomBuild Include="D:\Documents\Development\C++\Libraries\Assimp\CMakeFiles\81f5b3f8c2659952bbcfbe7b0f16eee8\INSTALL_force.rule">
      <Filter>CMake Rules</Filter>
    </CustomBuild>
  </ItemGroup>
  <ItemGroup>
    <Filter Include="CMake Rules">
      <UniqueIdentifier>{51817E73-0525-3076-90B0-2B5E3D791363}</UniqueIdentifier>
    </Filter>
  </ItemGroup>
</Project>
