<?xml version="1.0" encoding="utf-8"?>
<Project ToolsVersion="15.0" xmlns="http://schemas.microsoft.com/developer/msbuild/2003">
  <ItemGroup>
    <ClCompile Include="C:\Users\skcra\Downloads\assimp-4.1.0\assimp-4.1.0\contrib\gtest\src\gtest-all.cc">
      <Filter>Source Files</Filter>
    </ClCompile>
    <ClCompile Include="C:\Users\skcra\Downloads\assimp-4.1.0\assimp-4.1.0\test\unit\CCompilerTest.c">
      <Filter>UnitTests\Compiler</Filter>
    </ClCompile>
    <ClCompile Include="C:\Users\skcra\Downloads\assimp-4.1.0\assimp-4.1.0\test\unit\Main.cpp">
      <Filter>Source Files</Filter>
    </ClCompile>
    <ClCompile Include="C:\Users\skcra\Downloads\assimp-4.1.0\assimp-4.1.0\code\Version.cpp">
      <Filter>Source Files</Filter>
    </ClCompile>
    <ClCompile Include="C:\Users\skcra\Downloads\assimp-4.1.0\assimp-4.1.0\test\unit\utIOSystem.cpp">
      <Filter>UnitTests\Common</Filter>
    </ClCompile>
    <ClCompile Include="C:\Users\skcra\Downloads\assimp-4.1.0\assimp-4.1.0\test\unit\utIOStreamBuffer.cpp">
      <Filter>UnitTests\Common</Filter>
    </ClCompile>
    <ClCompile Include="C:\Users\skcra\Downloads\assimp-4.1.0\assimp-4.1.0\test\unit\utIssues.cpp">
      <Filter>UnitTests\Common</Filter>
    </ClCompile>
    <ClCompile Include="C:\Users\skcra\Downloads\assimp-4.1.0\assimp-4.1.0\test\unit\utAnim.cpp">
      <Filter>UnitTests\Common</Filter>
    </ClCompile>
    <ClCompile Include="C:\Users\skcra\Downloads\assimp-4.1.0\assimp-4.1.0\test\unit\AssimpAPITest.cpp">
      <Filter>UnitTests\Common</Filter>
    </ClCompile>
    <ClCompile Include="C:\Users\skcra\Downloads\assimp-4.1.0\assimp-4.1.0\test\unit\utBatchLoader.cpp">
      <Filter>UnitTests\Common</Filter>
    </ClCompile>
    <ClCompile Include="C:\Users\skcra\Downloads\assimp-4.1.0\assimp-4.1.0\test\unit\utDefaultIOStream.cpp">
      <Filter>UnitTests\Common</Filter>
    </ClCompile>
    <ClCompile Include="C:\Users\skcra\Downloads\assimp-4.1.0\assimp-4.1.0\test\unit\utFastAtof.cpp">
      <Filter>UnitTests\Common</Filter>
    </ClCompile>
    <ClCompile Include="C:\Users\skcra\Downloads\assimp-4.1.0\assimp-4.1.0\test\unit\utMetadata.cpp">
      <Filter>UnitTests\Common</Filter>
    </ClCompile>
    <ClCompile Include="C:\Users\skcra\Downloads\assimp-4.1.0\assimp-4.1.0\test\unit\SceneDiffer.cpp">
      <Filter>UnitTests\Common</Filter>
    </ClCompile>
    <ClCompile Include="C:\Users\skcra\Downloads\assimp-4.1.0\assimp-4.1.0\test\unit\AbstractImportExportBase.cpp">
      <Filter>UnitTests\Common</Filter>
    </ClCompile>
    <ClCompile Include="C:\Users\skcra\Downloads\assimp-4.1.0\assimp-4.1.0\test\unit\utTypes.cpp">
      <Filter>UnitTests\Common</Filter>
    </ClCompile>
    <ClCompile Include="C:\Users\skcra\Downloads\assimp-4.1.0\assimp-4.1.0\test\unit\utVersion.cpp">
      <Filter>UnitTests\Common</Filter>
    </ClCompile>
    <ClCompile Include="C:\Users\skcra\Downloads\assimp-4.1.0\assimp-4.1.0\test\unit\utProfiler.cpp">
      <Filter>UnitTests\Common</Filter>
    </ClCompile>
    <ClCompile Include="C:\Users\skcra\Downloads\assimp-4.1.0\assimp-4.1.0\test\unit\utSharedPPData.cpp">
      <Filter>UnitTests\Common</Filter>
    </ClCompile>
    <ClCompile Include="C:\Users\skcra\Downloads\assimp-4.1.0\assimp-4.1.0\test\unit\utStringUtils.cpp">
      <Filter>UnitTests\Common</Filter>
    </ClCompile>
    <ClCompile Include="C:\Users\skcra\Downloads\assimp-4.1.0\assimp-4.1.0\test\unit\utLWSImportExport.cpp">
      <Filter>UnitTests\Importers</Filter>
    </ClCompile>
    <ClCompile Include="C:\Users\skcra\Downloads\assimp-4.1.0\assimp-4.1.0\test\unit\utSMDImportExport.cpp">
      <Filter>UnitTests\Importers</Filter>
    </ClCompile>
    <ClCompile Include="C:\Users\skcra\Downloads\assimp-4.1.0\assimp-4.1.0\test\unit\utglTFImportExport.cpp">
      <Filter>UnitTests\Importers</Filter>
    </ClCompile>
    <ClCompile Include="C:\Users\skcra\Downloads\assimp-4.1.0\assimp-4.1.0\test\unit\utglTF2ImportExport.cpp">
      <Filter>UnitTests\Importers</Filter>
    </ClCompile>
    <ClCompile Include="C:\Users\skcra\Downloads\assimp-4.1.0\assimp-4.1.0\test\unit\utHMPImportExport.cpp">
      <Filter>UnitTests\Importers</Filter>
    </ClCompile>
    <ClCompile Include="C:\Users\skcra\Downloads\assimp-4.1.0\assimp-4.1.0\test\unit\utIFCImportExport.cpp">
      <Filter>UnitTests\Importers</Filter>
    </ClCompile>
    <ClCompile Include="C:\Users\skcra\Downloads\assimp-4.1.0\assimp-4.1.0\test\unit\utFBXImporterExporter.cpp">
      <Filter>UnitTests\Importers</Filter>
    </ClCompile>
    <ClCompile Include="C:\Users\skcra\Downloads\assimp-4.1.0\assimp-4.1.0\test\unit\utImporter.cpp">
      <Filter>UnitTests\Importers</Filter>
    </ClCompile>
    <ClCompile Include="C:\Users\skcra\Downloads\assimp-4.1.0\assimp-4.1.0\test\unit\ut3DImportExport.cpp">
      <Filter>UnitTests\Importers</Filter>
    </ClCompile>
    <ClCompile Include="C:\Users\skcra\Downloads\assimp-4.1.0\assimp-4.1.0\test\unit\ut3DSImportExport.cpp">
      <Filter>UnitTests\Importers</Filter>
    </ClCompile>
    <ClCompile Include="C:\Users\skcra\Downloads\assimp-4.1.0\assimp-4.1.0\test\unit\utACImportExport.cpp">
      <Filter>UnitTests\Importers</Filter>
    </ClCompile>
    <ClCompile Include="C:\Users\skcra\Downloads\assimp-4.1.0\assimp-4.1.0\test\unit\utAMFImportExport.cpp">
      <Filter>UnitTests\Importers</Filter>
    </ClCompile>
    <ClCompile Include="C:\Users\skcra\Downloads\assimp-4.1.0\assimp-4.1.0\test\unit\utASEImportExport.cpp">
      <Filter>UnitTests\Importers</Filter>
    </ClCompile>
    <ClCompile Include="C:\Users\skcra\Downloads\assimp-4.1.0\assimp-4.1.0\test\unit\utD3MFImportExport.cpp">
      <Filter>UnitTests\Importers</Filter>
    </ClCompile>
    <ClCompile Include="C:\Users\skcra\Downloads\assimp-4.1.0\assimp-4.1.0\test\unit\utQ3DImportExport.cpp">
      <Filter>UnitTests\Importers</Filter>
    </ClCompile>
    <ClCompile Include="C:\Users\skcra\Downloads\assimp-4.1.0\assimp-4.1.0\test\unit\utSTLImportExport.cpp">
      <Filter>UnitTests\Importers</Filter>
    </ClCompile>
    <ClCompile Include="C:\Users\skcra\Downloads\assimp-4.1.0\assimp-4.1.0\test\unit\utXImporterExporter.cpp">
      <Filter>UnitTests\Importers</Filter>
    </ClCompile>
    <ClCompile Include="C:\Users\skcra\Downloads\assimp-4.1.0\assimp-4.1.0\test\unit\utX3DImportExport.cpp">
      <Filter>UnitTests\Importers</Filter>
    </ClCompile>
    <ClCompile Include="C:\Users\skcra\Downloads\assimp-4.1.0\assimp-4.1.0\test\unit\utDXFImporterExporter.cpp">
      <Filter>UnitTests\Importers</Filter>
    </ClCompile>
    <ClCompile Include="C:\Users\skcra\Downloads\assimp-4.1.0\assimp-4.1.0\test\unit\utPMXImporter.cpp">
      <Filter>UnitTests\Importers</Filter>
    </ClCompile>
    <ClCompile Include="C:\Users\skcra\Downloads\assimp-4.1.0\assimp-4.1.0\test\unit\utPLYImportExport.cpp">
      <Filter>UnitTests\Importers</Filter>
    </ClCompile>
    <ClCompile Include="C:\Users\skcra\Downloads\assimp-4.1.0\assimp-4.1.0\test\unit\utObjImportExport.cpp">
      <Filter>UnitTests\Importers</Filter>
    </ClCompile>
    <ClCompile Include="C:\Users\skcra\Downloads\assimp-4.1.0\assimp-4.1.0\test\unit\utObjTools.cpp">
      <Filter>UnitTests\Importers</Filter>
    </ClCompile>
    <ClCompile Include="C:\Users\skcra\Downloads\assimp-4.1.0\assimp-4.1.0\test\unit\utOpenGEXImportExport.cpp">
      <Filter>UnitTests\Importers</Filter>
    </ClCompile>
    <ClCompile Include="C:\Users\skcra\Downloads\assimp-4.1.0\assimp-4.1.0\test\unit\utSIBImporter.cpp">
      <Filter>UnitTests\Importers</Filter>
    </ClCompile>
    <ClCompile Include="C:\Users\skcra\Downloads\assimp-4.1.0\assimp-4.1.0\test\unit\utBlenderIntermediate.cpp">
      <Filter>UnitTests\Importers</Filter>
    </ClCompile>
    <ClCompile Include="C:\Users\skcra\Downloads\assimp-4.1.0\assimp-4.1.0\test\unit\utBlendImportAreaLight.cpp">
      <Filter>UnitTests\Importers</Filter>
    </ClCompile>
    <ClCompile Include="C:\Users\skcra\Downloads\assimp-4.1.0\assimp-4.1.0\test\unit\utBlenderImportExport.cpp">
      <Filter>UnitTests\Importers</Filter>
    </ClCompile>
    <ClCompile Include="C:\Users\skcra\Downloads\assimp-4.1.0\assimp-4.1.0\test\unit\utBlendImportMaterials.cpp">
      <Filter>UnitTests\Importers</Filter>
    </ClCompile>
    <ClCompile Include="C:\Users\skcra\Downloads\assimp-4.1.0\assimp-4.1.0\test\unit\utBVHImportExport.cpp">
      <Filter>UnitTests\Importers</Filter>
    </ClCompile>
    <ClCompile Include="C:\Users\skcra\Downloads\assimp-4.1.0\assimp-4.1.0\test\unit\utColladaExportCamera.cpp">
      <Filter>UnitTests\Importers</Filter>
    </ClCompile>
    <ClCompile Include="C:\Users\skcra\Downloads\assimp-4.1.0\assimp-4.1.0\test\unit\utColladaExportLight.cpp">
      <Filter>UnitTests\Importers</Filter>
    </ClCompile>
    <ClCompile Include="C:\Users\skcra\Downloads\assimp-4.1.0\assimp-4.1.0\test\unit\utColladaImportExport.cpp">
      <Filter>UnitTests\Importers</Filter>
    </ClCompile>
    <ClCompile Include="C:\Users\skcra\Downloads\assimp-4.1.0\assimp-4.1.0\test\unit\utCSMImportExport.cpp">
      <Filter>UnitTests\Importers</Filter>
    </ClCompile>
    <ClCompile Include="C:\Users\skcra\Downloads\assimp-4.1.0\assimp-4.1.0\test\unit\utB3DImportExport.cpp">
      <Filter>UnitTests\Importers</Filter>
    </ClCompile>
    <ClCompile Include="C:\Users\skcra\Downloads\assimp-4.1.0\assimp-4.1.0\test\unit\utMaterialSystem.cpp">
      <Filter>UnitTests\Material</Filter>
    </ClCompile>
    <ClCompile Include="C:\Users\skcra\Downloads\assimp-4.1.0\assimp-4.1.0\test\unit\utMatrix3x3.cpp">
      <Filter>UnitTests\Math</Filter>
    </ClCompile>
    <ClCompile Include="C:\Users\skcra\Downloads\assimp-4.1.0\assimp-4.1.0\test\unit\utMatrix4x4.cpp">
      <Filter>UnitTests\Math</Filter>
    </ClCompile>
    <ClCompile Include="C:\Users\skcra\Downloads\assimp-4.1.0\assimp-4.1.0\test\unit\utVector3.cpp">
      <Filter>UnitTests\Math</Filter>
    </ClCompile>
    <ClCompile Include="C:\Users\skcra\Downloads\assimp-4.1.0\assimp-4.1.0\test\unit\utImproveCacheLocality.cpp">
      <Filter>UnitTests\PostProcess</Filter>
    </ClCompile>
    <ClCompile Include="C:\Users\skcra\Downloads\assimp-4.1.0\assimp-4.1.0\test\unit\utFixInfacingNormals.cpp">
      <Filter>UnitTests\PostProcess</Filter>
    </ClCompile>
    <ClCompile Include="C:\Users\skcra\Downloads\assimp-4.1.0\assimp-4.1.0\test\unit\utGenNormals.cpp">
      <Filter>UnitTests\PostProcess</Filter>
    </ClCompile>
    <ClCompile Include="C:\Users\skcra\Downloads\assimp-4.1.0\assimp-4.1.0\test\unit\utTriangulate.cpp">
      <Filter>UnitTests\PostProcess</Filter>
    </ClCompile>
    <ClCompile Include="C:\Users\skcra\Downloads\assimp-4.1.0\assimp-4.1.0\test\unit\utTextureTransform.cpp">
      <Filter>UnitTests\PostProcess</Filter>
    </ClCompile>
    <ClCompile Include="C:\Users\skcra\Downloads\assimp-4.1.0\assimp-4.1.0\test\unit\utRemoveRedundantMaterials.cpp">
      <Filter>UnitTests\PostProcess</Filter>
    </ClCompile>
    <ClCompile Include="C:\Users\skcra\Downloads\assimp-4.1.0\assimp-4.1.0\test\unit\utRemoveVCProcess.cpp">
      <Filter>UnitTests\PostProcess</Filter>
    </ClCompile>
    <ClCompile Include="C:\Users\skcra\Downloads\assimp-4.1.0\assimp-4.1.0\test\unit\utScaleProcess.cpp">
      <Filter>UnitTests\PostProcess</Filter>
    </ClCompile>
    <ClCompile Include="C:\Users\skcra\Downloads\assimp-4.1.0\assimp-4.1.0\test\unit\utJoinVertices.cpp">
      <Filter>UnitTests\PostProcess</Filter>
    </ClCompile>
    <ClCompile Include="C:\Users\skcra\Downloads\assimp-4.1.0\assimp-4.1.0\test\unit\utRemoveComments.cpp">
      <Filter>UnitTests\PostProcess</Filter>
    </ClCompile>
    <ClCompile Include="C:\Users\skcra\Downloads\assimp-4.1.0\assimp-4.1.0\test\unit\utRemoveComponent.cpp">
      <Filter>UnitTests\PostProcess</Filter>
    </ClCompile>
    <ClCompile Include="C:\Users\skcra\Downloads\assimp-4.1.0\assimp-4.1.0\test\unit\utVertexTriangleAdjacency.cpp">
      <Filter>UnitTests\PostProcess</Filter>
    </ClCompile>
    <ClCompile Include="C:\Users\skcra\Downloads\assimp-4.1.0\assimp-4.1.0\test\unit\utSplitLargeMeshes.cpp">
      <Filter>UnitTests\PostProcess</Filter>
    </ClCompile>
    <ClCompile Include="C:\Users\skcra\Downloads\assimp-4.1.0\assimp-4.1.0\test\unit\utFindDegenerates.cpp">
      <Filter>UnitTests\PostProcess</Filter>
    </ClCompile>
    <ClCompile Include="C:\Users\skcra\Downloads\assimp-4.1.0\assimp-4.1.0\test\unit\utFindInvalidData.cpp">
      <Filter>UnitTests\PostProcess</Filter>
    </ClCompile>
    <ClCompile Include="C:\Users\skcra\Downloads\assimp-4.1.0\assimp-4.1.0\test\unit\utLimitBoneWeights.cpp">
      <Filter>UnitTests\PostProcess</Filter>
    </ClCompile>
    <ClCompile Include="C:\Users\skcra\Downloads\assimp-4.1.0\assimp-4.1.0\test\unit\utPretransformVertices.cpp">
      <Filter>UnitTests\PostProcess</Filter>
    </ClCompile>
    <ClCompile Include="C:\Users\skcra\Downloads\assimp-4.1.0\assimp-4.1.0\test\unit\utScenePreprocessor.cpp">
      <Filter>UnitTests\PostProcess</Filter>
    </ClCompile>
    <ClCompile Include="C:\Users\skcra\Downloads\assimp-4.1.0\assimp-4.1.0\test\unit\utTargetAnimation.cpp">
      <Filter>UnitTests\PostProcess</Filter>
    </ClCompile>
    <ClCompile Include="C:\Users\skcra\Downloads\assimp-4.1.0\assimp-4.1.0\test\unit\utSortByPType.cpp">
      <Filter>UnitTests\PostProcess</Filter>
    </ClCompile>
    <ClCompile Include="C:\Users\skcra\Downloads\assimp-4.1.0\assimp-4.1.0\test\unit\utSceneCombiner.cpp">
      <Filter>UnitTests\PostProcess</Filter>
    </ClCompile>
  </ItemGroup>
  <ItemGroup>
    <ClInclude Include="C:\Users\skcra\Downloads\assimp-4.1.0\assimp-4.1.0\test\unit\SceneDiffer.h">
      <Filter>UnitTests\Common</Filter>
    </ClInclude>
    <ClInclude Include="C:\Users\skcra\Downloads\assimp-4.1.0\assimp-4.1.0\test\unit\UTLogStream.h">
      <Filter>UnitTests\Common</Filter>
    </ClInclude>
    <ClInclude Include="C:\Users\skcra\Downloads\assimp-4.1.0\assimp-4.1.0\test\unit\TestIOSystem.h">
      <Filter>UnitTests\Common</Filter>
    </ClInclude>
    <ClInclude Include="C:\Users\skcra\Downloads\assimp-4.1.0\assimp-4.1.0\test\unit\TestModelFactory.h">
      <Filter>UnitTests\Common</Filter>
    </ClInclude>
  </ItemGroup>
  <ItemGroup>
    <CustomBuild Include="C:\Users\skcra\Downloads\assimp-4.1.0\assimp-4.1.0\test\CMakeLists.txt" />
  </ItemGroup>
  <ItemGroup>
    <Filter Include="Source Files">
      <UniqueIdentifier>{0403FB7C-6621-37E4-8134-A4BCAE6958EB}</UniqueIdentifier>
    </Filter>
    <Filter Include="UnitTests">
      <UniqueIdentifier>{44F0056D-A347-3FA8-8A95-FA7525801A6D}</UniqueIdentifier>
    </Filter>
    <Filter Include="UnitTests\Common">
      <UniqueIdentifier>{D27B91A8-777F-3729-890E-D32723CE94D4}</UniqueIdentifier>
    </Filter>
    <Filter Include="UnitTests\Compiler">
      <UniqueIdentifier>{3332FA35-C5FE-3152-A62C-34A3331F9CB3}</UniqueIdentifier>
    </Filter>
    <Filter Include="UnitTests\Importers">
      <UniqueIdentifier>{3773C94C-FCC1-3CCB-8B60-7ED30E85BE6D}</UniqueIdentifier>
    </Filter>
    <Filter Include="UnitTests\Material">
      <UniqueIdentifier>{7B95B662-E7FC-3016-831D-A8D60A37929F}</UniqueIdentifier>
    </Filter>
    <Filter Include="UnitTests\Math">
      <UniqueIdentifier>{1AD3089B-F083-3EE3-8B03-B24D7FDFEAE0}</UniqueIdentifier>
    </Filter>
    <Filter Include="UnitTests\PostProcess">
      <UniqueIdentifier>{F0349D77-E01E-3114-A568-44545BB5A90A}</UniqueIdentifier>
    </Filter>
  </ItemGroup>
</Project>
