<?xml version="1.0" encoding="utf-8"?>
<Project ToolsVersion="15.0" xmlns="http://schemas.microsoft.com/developer/msbuild/2003">
  <ItemGroup>
    <ClCompile Include="C:\Users\skcra\Downloads\assimp-4.1.0\assimp-4.1.0\contrib\irrXML\irrXML.cpp">
      <Filter>Source Files</Filter>
    </ClCompile>
  </ItemGroup>
  <ItemGroup>
    <ClInclude Include="C:\Users\skcra\Downloads\assimp-4.1.0\assimp-4.1.0\contrib\irrXML\CXMLReaderImpl.h">
      <Filter>Header Files</Filter>
    </ClInclude>
    <ClInclude Include="C:\Users\skcra\Downloads\assimp-4.1.0\assimp-4.1.0\contrib\irrXML\heapsort.h">
      <Filter>Header Files</Filter>
    </ClInclude>
    <ClInclude Include="C:\Users\skcra\Downloads\assimp-4.1.0\assimp-4.1.0\contrib\irrXML\irrArray.h">
      <Filter>Header Files</Filter>
    </ClInclude>
    <ClInclude Include="C:\Users\skcra\Downloads\assimp-4.1.0\assimp-4.1.0\contrib\irrXML\irrString.h">
      <Filter>Header Files</Filter>
    </ClInclude>
    <ClInclude Include="C:\Users\skcra\Downloads\assimp-4.1.0\assimp-4.1.0\contrib\irrXML\irrTypes.h">
      <Filter>Header Files</Filter>
    </ClInclude>
    <ClInclude Include="C:\Users\skcra\Downloads\assimp-4.1.0\assimp-4.1.0\contrib\irrXML\irrXML.h">
      <Filter>Header Files</Filter>
    </ClInclude>
  </ItemGroup>
  <ItemGroup>
    <CustomBuild Include="C:\Users\skcra\Downloads\assimp-4.1.0\assimp-4.1.0\contrib\irrXML\CMakeLists.txt" />
  </ItemGroup>
  <ItemGroup>
    <Filter Include="Header Files">
      <UniqueIdentifier>{30BDDCCD-22AB-3020-971D-C12CD463F231}</UniqueIdentifier>
    </Filter>
    <Filter Include="Source Files">
      <UniqueIdentifier>{0403FB7C-6621-37E4-8134-A4BCAE6958EB}</UniqueIdentifier>
    </Filter>
  </ItemGroup>
</Project>
