Microsoft Visual Studio Solution File, Format Version 12.00
# Visual Studio 15
Project("{8BC9CEB8-8B4A-11D0-8D11-00A0C91BC942}") = "ALL_BUILD", "ALL_BUILD.vcxproj", "{7919B050-72C9-3416-BBEE-E9A5183A8C91}"
	ProjectSection(ProjectDependencies) = postProject
		{A5B27E25-AE37-3E29-B36B-82264D4460EF} = {A5B27E25-AE37-3E29-B36B-82264D4460EF}
		{C167DDF1-7578-3A4D-ADB4-94B6EC010967} = {C167DDF1-7578-3A4D-ADB4-94B6EC010967}
		{0CFFE8D0-D2F7-3BAB-A63F-DE7EBD652699} = {0CFFE8D0-D2F7-3BAB-A63F-DE7EBD652699}
		{BE41D45C-4B2D-346A-A151-47FE15E7B8C1} = {BE41D45C-4B2D-346A-A151-47FE15E7B8C1}
		{DF9715E1-DD81-37BB-AC47-0EBE265A9D6E} = {DF9715E1-DD81-37BB-AC47-0EBE265A9D6E}
		{00179DE9-20FB-3255-96E3-146DCA2C84D8} = {00179DE9-20FB-3255-96E3-146DCA2C84D8}
		{85FEC444-B291-37C4-BFCF-10CE37A27DD7} = {85FEC444-B291-37C4-BFCF-10CE37A27DD7}
		{64826AB6-3A16-37B1-8E51-D70FEE803A51} = {64826AB6-3A16-37B1-8E51-D70FEE803A51}
	EndProjectSection
EndProject
Project("{8BC9CEB8-8B4A-11D0-8D11-00A0C91BC942}") = "Continuous", "test\Continuous.vcxproj", "{8FC26A1F-3EBF-397B-8620-74331421C425}"
	ProjectSection(ProjectDependencies) = postProject
		{C167DDF1-7578-3A4D-ADB4-94B6EC010967} = {C167DDF1-7578-3A4D-ADB4-94B6EC010967}
	EndProjectSection
EndProject
Project("{8BC9CEB8-8B4A-11D0-8D11-00A0C91BC942}") = "Experimental", "test\Experimental.vcxproj", "{14E8DA29-2F19-363A-B9AD-E9EE868B0E88}"
	ProjectSection(ProjectDependencies) = postProject
		{C167DDF1-7578-3A4D-ADB4-94B6EC010967} = {C167DDF1-7578-3A4D-ADB4-94B6EC010967}
	EndProjectSection
EndProject
Project("{8BC9CEB8-8B4A-11D0-8D11-00A0C91BC942}") = "INSTALL", "INSTALL.vcxproj", "{78FB1330-95DC-3807-BD04-ED2BF6104A34}"
	ProjectSection(ProjectDependencies) = postProject
		{7919B050-72C9-3416-BBEE-E9A5183A8C91} = {7919B050-72C9-3416-BBEE-E9A5183A8C91}
		{C167DDF1-7578-3A4D-ADB4-94B6EC010967} = {C167DDF1-7578-3A4D-ADB4-94B6EC010967}
	EndProjectSection
EndProject
Project("{8BC9CEB8-8B4A-11D0-8D11-00A0C91BC942}") = "IrrXML", "contrib\irrXML\IrrXML.vcxproj", "{A5B27E25-AE37-3E29-B36B-82264D4460EF}"
	ProjectSection(ProjectDependencies) = postProject
		{C167DDF1-7578-3A4D-ADB4-94B6EC010967} = {C167DDF1-7578-3A4D-ADB4-94B6EC010967}
	EndProjectSection
EndProject
Project("{8BC9CEB8-8B4A-11D0-8D11-00A0C91BC942}") = "Nightly", "test\Nightly.vcxproj", "{59BAFF40-3E09-375F-8C4F-B3CB471C42C9}"
	ProjectSection(ProjectDependencies) = postProject
		{C167DDF1-7578-3A4D-ADB4-94B6EC010967} = {C167DDF1-7578-3A4D-ADB4-94B6EC010967}
	EndProjectSection
EndProject
Project("{8BC9CEB8-8B4A-11D0-8D11-00A0C91BC942}") = "NightlyMemoryCheck", "test\NightlyMemoryCheck.vcxproj", "{2E4E964F-0B93-3415-90D8-EAB86DA49233}"
	ProjectSection(ProjectDependencies) = postProject
		{C167DDF1-7578-3A4D-ADB4-94B6EC010967} = {C167DDF1-7578-3A4D-ADB4-94B6EC010967}
	EndProjectSection
EndProject
Project("{8BC9CEB8-8B4A-11D0-8D11-00A0C91BC942}") = "UpdateAssimpLibsDebugSymbolsAndDLLs", "UpdateAssimpLibsDebugSymbolsAndDLLs.vcxproj", "{E6974749-B48A-3209-B045-5DFD419996F2}"
	ProjectSection(ProjectDependencies) = postProject
		{C167DDF1-7578-3A4D-ADB4-94B6EC010967} = {C167DDF1-7578-3A4D-ADB4-94B6EC010967}
	EndProjectSection
EndProject
Project("{8BC9CEB8-8B4A-11D0-8D11-00A0C91BC942}") = "ZERO_CHECK", "ZERO_CHECK.vcxproj", "{C167DDF1-7578-3A4D-ADB4-94B6EC010967}"
	ProjectSection(ProjectDependencies) = postProject
	EndProjectSection
EndProject
Project("{8BC9CEB8-8B4A-11D0-8D11-00A0C91BC942}") = "assimp", "code\assimp.vcxproj", "{0CFFE8D0-D2F7-3BAB-A63F-DE7EBD652699}"
	ProjectSection(ProjectDependencies) = postProject
		{A5B27E25-AE37-3E29-B36B-82264D4460EF} = {A5B27E25-AE37-3E29-B36B-82264D4460EF}
		{C167DDF1-7578-3A4D-ADB4-94B6EC010967} = {C167DDF1-7578-3A4D-ADB4-94B6EC010967}
		{64826AB6-3A16-37B1-8E51-D70FEE803A51} = {64826AB6-3A16-37B1-8E51-D70FEE803A51}
	EndProjectSection
EndProject
Project("{8BC9CEB8-8B4A-11D0-8D11-00A0C91BC942}") = "assimp_cmd", "tools\assimp_cmd\assimp_cmd.vcxproj", "{BE41D45C-4B2D-346A-A151-47FE15E7B8C1}"
	ProjectSection(ProjectDependencies) = postProject
		{A5B27E25-AE37-3E29-B36B-82264D4460EF} = {A5B27E25-AE37-3E29-B36B-82264D4460EF}
		{C167DDF1-7578-3A4D-ADB4-94B6EC010967} = {C167DDF1-7578-3A4D-ADB4-94B6EC010967}
		{0CFFE8D0-D2F7-3BAB-A63F-DE7EBD652699} = {0CFFE8D0-D2F7-3BAB-A63F-DE7EBD652699}
		{64826AB6-3A16-37B1-8E51-D70FEE803A51} = {64826AB6-3A16-37B1-8E51-D70FEE803A51}
	EndProjectSection
EndProject
Project("{8BC9CEB8-8B4A-11D0-8D11-00A0C91BC942}") = "assimp_viewer", "tools\assimp_view\assimp_viewer.vcxproj", "{DF9715E1-DD81-37BB-AC47-0EBE265A9D6E}"
	ProjectSection(ProjectDependencies) = postProject
		{A5B27E25-AE37-3E29-B36B-82264D4460EF} = {A5B27E25-AE37-3E29-B36B-82264D4460EF}
		{C167DDF1-7578-3A4D-ADB4-94B6EC010967} = {C167DDF1-7578-3A4D-ADB4-94B6EC010967}
		{0CFFE8D0-D2F7-3BAB-A63F-DE7EBD652699} = {0CFFE8D0-D2F7-3BAB-A63F-DE7EBD652699}
		{64826AB6-3A16-37B1-8E51-D70FEE803A51} = {64826AB6-3A16-37B1-8E51-D70FEE803A51}
	EndProjectSection
EndProject
Project("{8BC9CEB8-8B4A-11D0-8D11-00A0C91BC942}") = "uninstall", "uninstall.vcxproj", "{146B47A9-7CCF-3FB2-BFD6-E058FD0D9DD7}"
	ProjectSection(ProjectDependencies) = postProject
		{C167DDF1-7578-3A4D-ADB4-94B6EC010967} = {C167DDF1-7578-3A4D-ADB4-94B6EC010967}
	EndProjectSection
EndProject
Project("{8BC9CEB8-8B4A-11D0-8D11-00A0C91BC942}") = "unit", "test\unit.vcxproj", "{00179DE9-20FB-3255-96E3-146DCA2C84D8}"
	ProjectSection(ProjectDependencies) = postProject
		{A5B27E25-AE37-3E29-B36B-82264D4460EF} = {A5B27E25-AE37-3E29-B36B-82264D4460EF}
		{C167DDF1-7578-3A4D-ADB4-94B6EC010967} = {C167DDF1-7578-3A4D-ADB4-94B6EC010967}
		{0CFFE8D0-D2F7-3BAB-A63F-DE7EBD652699} = {0CFFE8D0-D2F7-3BAB-A63F-DE7EBD652699}
		{64826AB6-3A16-37B1-8E51-D70FEE803A51} = {64826AB6-3A16-37B1-8E51-D70FEE803A51}
	EndProjectSection
EndProject
Project("{8BC9CEB8-8B4A-11D0-8D11-00A0C91BC942}") = "zlib", "contrib\zlib\zlib.vcxproj", "{85FEC444-B291-37C4-BFCF-10CE37A27DD7}"
	ProjectSection(ProjectDependencies) = postProject
		{C167DDF1-7578-3A4D-ADB4-94B6EC010967} = {C167DDF1-7578-3A4D-ADB4-94B6EC010967}
	EndProjectSection
EndProject
Project("{8BC9CEB8-8B4A-11D0-8D11-00A0C91BC942}") = "zlibstatic", "contrib\zlib\zlibstatic.vcxproj", "{64826AB6-3A16-37B1-8E51-D70FEE803A51}"
	ProjectSection(ProjectDependencies) = postProject
		{C167DDF1-7578-3A4D-ADB4-94B6EC010967} = {C167DDF1-7578-3A4D-ADB4-94B6EC010967}
	EndProjectSection
EndProject
Global
	GlobalSection(SolutionConfigurationPlatforms) = preSolution
		Debug|Win32 = Debug|Win32
		Release|Win32 = Release|Win32
		MinSizeRel|Win32 = MinSizeRel|Win32
		RelWithDebInfo|Win32 = RelWithDebInfo|Win32
	EndGlobalSection
	GlobalSection(ProjectConfigurationPlatforms) = postSolution
		{7919B050-72C9-3416-BBEE-E9A5183A8C91}.Debug|Win32.ActiveCfg = Debug|Win32
		{7919B050-72C9-3416-BBEE-E9A5183A8C91}.Debug|Win32.Build.0 = Debug|Win32
		{7919B050-72C9-3416-BBEE-E9A5183A8C91}.Release|Win32.ActiveCfg = Release|Win32
		{7919B050-72C9-3416-BBEE-E9A5183A8C91}.Release|Win32.Build.0 = Release|Win32
		{7919B050-72C9-3416-BBEE-E9A5183A8C91}.MinSizeRel|Win32.ActiveCfg = MinSizeRel|Win32
		{7919B050-72C9-3416-BBEE-E9A5183A8C91}.MinSizeRel|Win32.Build.0 = MinSizeRel|Win32
		{7919B050-72C9-3416-BBEE-E9A5183A8C91}.RelWithDebInfo|Win32.ActiveCfg = RelWithDebInfo|Win32
		{7919B050-72C9-3416-BBEE-E9A5183A8C91}.RelWithDebInfo|Win32.Build.0 = RelWithDebInfo|Win32
		{8FC26A1F-3EBF-397B-8620-74331421C425}.Debug|Win32.ActiveCfg = Debug|Win32
		{8FC26A1F-3EBF-397B-8620-74331421C425}.Release|Win32.ActiveCfg = Release|Win32
		{8FC26A1F-3EBF-397B-8620-74331421C425}.MinSizeRel|Win32.ActiveCfg = MinSizeRel|Win32
		{8FC26A1F-3EBF-397B-8620-74331421C425}.RelWithDebInfo|Win32.ActiveCfg = RelWithDebInfo|Win32
		{14E8DA29-2F19-363A-B9AD-E9EE868B0E88}.Debug|Win32.ActiveCfg = Debug|Win32
		{14E8DA29-2F19-363A-B9AD-E9EE868B0E88}.Release|Win32.ActiveCfg = Release|Win32
		{14E8DA29-2F19-363A-B9AD-E9EE868B0E88}.MinSizeRel|Win32.ActiveCfg = MinSizeRel|Win32
		{14E8DA29-2F19-363A-B9AD-E9EE868B0E88}.RelWithDebInfo|Win32.ActiveCfg = RelWithDebInfo|Win32
		{78FB1330-95DC-3807-BD04-ED2BF6104A34}.Debug|Win32.ActiveCfg = Debug|Win32
		{78FB1330-95DC-3807-BD04-ED2BF6104A34}.Release|Win32.ActiveCfg = Release|Win32
		{78FB1330-95DC-3807-BD04-ED2BF6104A34}.MinSizeRel|Win32.ActiveCfg = MinSizeRel|Win32
		{78FB1330-95DC-3807-BD04-ED2BF6104A34}.RelWithDebInfo|Win32.ActiveCfg = RelWithDebInfo|Win32
		{A5B27E25-AE37-3E29-B36B-82264D4460EF}.Debug|Win32.ActiveCfg = Debug|Win32
		{A5B27E25-AE37-3E29-B36B-82264D4460EF}.Debug|Win32.Build.0 = Debug|Win32
		{A5B27E25-AE37-3E29-B36B-82264D4460EF}.Release|Win32.ActiveCfg = Release|Win32
		{A5B27E25-AE37-3E29-B36B-82264D4460EF}.Release|Win32.Build.0 = Release|Win32
		{A5B27E25-AE37-3E29-B36B-82264D4460EF}.MinSizeRel|Win32.ActiveCfg = MinSizeRel|Win32
		{A5B27E25-AE37-3E29-B36B-82264D4460EF}.MinSizeRel|Win32.Build.0 = MinSizeRel|Win32
		{A5B27E25-AE37-3E29-B36B-82264D4460EF}.RelWithDebInfo|Win32.ActiveCfg = RelWithDebInfo|Win32
		{A5B27E25-AE37-3E29-B36B-82264D4460EF}.RelWithDebInfo|Win32.Build.0 = RelWithDebInfo|Win32
		{59BAFF40-3E09-375F-8C4F-B3CB471C42C9}.Debug|Win32.ActiveCfg = Debug|Win32
		{59BAFF40-3E09-375F-8C4F-B3CB471C42C9}.Release|Win32.ActiveCfg = Release|Win32
		{59BAFF40-3E09-375F-8C4F-B3CB471C42C9}.MinSizeRel|Win32.ActiveCfg = MinSizeRel|Win32
		{59BAFF40-3E09-375F-8C4F-B3CB471C42C9}.RelWithDebInfo|Win32.ActiveCfg = RelWithDebInfo|Win32
		{2E4E964F-0B93-3415-90D8-EAB86DA49233}.Debug|Win32.ActiveCfg = Debug|Win32
		{2E4E964F-0B93-3415-90D8-EAB86DA49233}.Release|Win32.ActiveCfg = Release|Win32
		{2E4E964F-0B93-3415-90D8-EAB86DA49233}.MinSizeRel|Win32.ActiveCfg = MinSizeRel|Win32
		{2E4E964F-0B93-3415-90D8-EAB86DA49233}.RelWithDebInfo|Win32.ActiveCfg = RelWithDebInfo|Win32
		{E6974749-B48A-3209-B045-5DFD419996F2}.Debug|Win32.ActiveCfg = Debug|Win32
		{E6974749-B48A-3209-B045-5DFD419996F2}.Release|Win32.ActiveCfg = Release|Win32
		{E6974749-B48A-3209-B045-5DFD419996F2}.MinSizeRel|Win32.ActiveCfg = MinSizeRel|Win32
		{E6974749-B48A-3209-B045-5DFD419996F2}.RelWithDebInfo|Win32.ActiveCfg = RelWithDebInfo|Win32
		{C167DDF1-7578-3A4D-ADB4-94B6EC010967}.Debug|Win32.ActiveCfg = Debug|Win32
		{C167DDF1-7578-3A4D-ADB4-94B6EC010967}.Debug|Win32.Build.0 = Debug|Win32
		{C167DDF1-7578-3A4D-ADB4-94B6EC010967}.Release|Win32.ActiveCfg = Release|Win32
		{C167DDF1-7578-3A4D-ADB4-94B6EC010967}.Release|Win32.Build.0 = Release|Win32
		{C167DDF1-7578-3A4D-ADB4-94B6EC010967}.MinSizeRel|Win32.ActiveCfg = MinSizeRel|Win32
		{C167DDF1-7578-3A4D-ADB4-94B6EC010967}.MinSizeRel|Win32.Build.0 = MinSizeRel|Win32
		{C167DDF1-7578-3A4D-ADB4-94B6EC010967}.RelWithDebInfo|Win32.ActiveCfg = RelWithDebInfo|Win32
		{C167DDF1-7578-3A4D-ADB4-94B6EC010967}.RelWithDebInfo|Win32.Build.0 = RelWithDebInfo|Win32
		{0CFFE8D0-D2F7-3BAB-A63F-DE7EBD652699}.Debug|Win32.ActiveCfg = Debug|Win32
		{0CFFE8D0-D2F7-3BAB-A63F-DE7EBD652699}.Debug|Win32.Build.0 = Debug|Win32
		{0CFFE8D0-D2F7-3BAB-A63F-DE7EBD652699}.Release|Win32.ActiveCfg = Release|Win32
		{0CFFE8D0-D2F7-3BAB-A63F-DE7EBD652699}.Release|Win32.Build.0 = Release|Win32
		{0CFFE8D0-D2F7-3BAB-A63F-DE7EBD652699}.MinSizeRel|Win32.ActiveCfg = MinSizeRel|Win32
		{0CFFE8D0-D2F7-3BAB-A63F-DE7EBD652699}.MinSizeRel|Win32.Build.0 = MinSizeRel|Win32
		{0CFFE8D0-D2F7-3BAB-A63F-DE7EBD652699}.RelWithDebInfo|Win32.ActiveCfg = RelWithDebInfo|Win32
		{0CFFE8D0-D2F7-3BAB-A63F-DE7EBD652699}.RelWithDebInfo|Win32.Build.0 = RelWithDebInfo|Win32
		{BE41D45C-4B2D-346A-A151-47FE15E7B8C1}.Debug|Win32.ActiveCfg = Debug|Win32
		{BE41D45C-4B2D-346A-A151-47FE15E7B8C1}.Debug|Win32.Build.0 = Debug|Win32
		{BE41D45C-4B2D-346A-A151-47FE15E7B8C1}.Release|Win32.ActiveCfg = Release|Win32
		{BE41D45C-4B2D-346A-A151-47FE15E7B8C1}.Release|Win32.Build.0 = Release|Win32
		{BE41D45C-4B2D-346A-A151-47FE15E7B8C1}.MinSizeRel|Win32.ActiveCfg = MinSizeRel|Win32
		{BE41D45C-4B2D-346A-A151-47FE15E7B8C1}.MinSizeRel|Win32.Build.0 = MinSizeRel|Win32
		{BE41D45C-4B2D-346A-A151-47FE15E7B8C1}.RelWithDebInfo|Win32.ActiveCfg = RelWithDebInfo|Win32
		{BE41D45C-4B2D-346A-A151-47FE15E7B8C1}.RelWithDebInfo|Win32.Build.0 = RelWithDebInfo|Win32
		{DF9715E1-DD81-37BB-AC47-0EBE265A9D6E}.Debug|Win32.ActiveCfg = Debug|Win32
		{DF9715E1-DD81-37BB-AC47-0EBE265A9D6E}.Debug|Win32.Build.0 = Debug|Win32
		{DF9715E1-DD81-37BB-AC47-0EBE265A9D6E}.Release|Win32.ActiveCfg = Release|Win32
		{DF9715E1-DD81-37BB-AC47-0EBE265A9D6E}.Release|Win32.Build.0 = Release|Win32
		{DF9715E1-DD81-37BB-AC47-0EBE265A9D6E}.MinSizeRel|Win32.ActiveCfg = MinSizeRel|Win32
		{DF9715E1-DD81-37BB-AC47-0EBE265A9D6E}.MinSizeRel|Win32.Build.0 = MinSizeRel|Win32
		{DF9715E1-DD81-37BB-AC47-0EBE265A9D6E}.RelWithDebInfo|Win32.ActiveCfg = RelWithDebInfo|Win32
		{DF9715E1-DD81-37BB-AC47-0EBE265A9D6E}.RelWithDebInfo|Win32.Build.0 = RelWithDebInfo|Win32
		{146B47A9-7CCF-3FB2-BFD6-E058FD0D9DD7}.Debug|Win32.ActiveCfg = Debug|Win32
		{146B47A9-7CCF-3FB2-BFD6-E058FD0D9DD7}.Release|Win32.ActiveCfg = Release|Win32
		{146B47A9-7CCF-3FB2-BFD6-E058FD0D9DD7}.MinSizeRel|Win32.ActiveCfg = MinSizeRel|Win32
		{146B47A9-7CCF-3FB2-BFD6-E058FD0D9DD7}.RelWithDebInfo|Win32.ActiveCfg = RelWithDebInfo|Win32
		{00179DE9-20FB-3255-96E3-146DCA2C84D8}.Debug|Win32.ActiveCfg = Debug|Win32
		{00179DE9-20FB-3255-96E3-146DCA2C84D8}.Debug|Win32.Build.0 = Debug|Win32
		{00179DE9-20FB-3255-96E3-146DCA2C84D8}.Release|Win32.ActiveCfg = Release|Win32
		{00179DE9-20FB-3255-96E3-146DCA2C84D8}.Release|Win32.Build.0 = Release|Win32
		{00179DE9-20FB-3255-96E3-146DCA2C84D8}.MinSizeRel|Win32.ActiveCfg = MinSizeRel|Win32
		{00179DE9-20FB-3255-96E3-146DCA2C84D8}.MinSizeRel|Win32.Build.0 = MinSizeRel|Win32
		{00179DE9-20FB-3255-96E3-146DCA2C84D8}.RelWithDebInfo|Win32.ActiveCfg = RelWithDebInfo|Win32
		{00179DE9-20FB-3255-96E3-146DCA2C84D8}.RelWithDebInfo|Win32.Build.0 = RelWithDebInfo|Win32
		{85FEC444-B291-37C4-BFCF-10CE37A27DD7}.Debug|Win32.ActiveCfg = Debug|Win32
		{85FEC444-B291-37C4-BFCF-10CE37A27DD7}.Debug|Win32.Build.0 = Debug|Win32
		{85FEC444-B291-37C4-BFCF-10CE37A27DD7}.Release|Win32.ActiveCfg = Release|Win32
		{85FEC444-B291-37C4-BFCF-10CE37A27DD7}.Release|Win32.Build.0 = Release|Win32
		{85FEC444-B291-37C4-BFCF-10CE37A27DD7}.MinSizeRel|Win32.ActiveCfg = MinSizeRel|Win32
		{85FEC444-B291-37C4-BFCF-10CE37A27DD7}.MinSizeRel|Win32.Build.0 = MinSizeRel|Win32
		{85FEC444-B291-37C4-BFCF-10CE37A27DD7}.RelWithDebInfo|Win32.ActiveCfg = RelWithDebInfo|Win32
		{85FEC444-B291-37C4-BFCF-10CE37A27DD7}.RelWithDebInfo|Win32.Build.0 = RelWithDebInfo|Win32
		{64826AB6-3A16-37B1-8E51-D70FEE803A51}.Debug|Win32.ActiveCfg = Debug|Win32
		{64826AB6-3A16-37B1-8E51-D70FEE803A51}.Debug|Win32.Build.0 = Debug|Win32
		{64826AB6-3A16-37B1-8E51-D70FEE803A51}.Release|Win32.ActiveCfg = Release|Win32
		{64826AB6-3A16-37B1-8E51-D70FEE803A51}.Release|Win32.Build.0 = Release|Win32
		{64826AB6-3A16-37B1-8E51-D70FEE803A51}.MinSizeRel|Win32.ActiveCfg = MinSizeRel|Win32
		{64826AB6-3A16-37B1-8E51-D70FEE803A51}.MinSizeRel|Win32.Build.0 = MinSizeRel|Win32
		{64826AB6-3A16-37B1-8E51-D70FEE803A51}.RelWithDebInfo|Win32.ActiveCfg = RelWithDebInfo|Win32
		{64826AB6-3A16-37B1-8E51-D70FEE803A51}.RelWithDebInfo|Win32.Build.0 = RelWithDebInfo|Win32
	EndGlobalSection
	GlobalSection(ExtensibilityGlobals) = postSolution
		SolutionGuid = {E0CD9704-8C0F-3547-94F1-9E5EA631C1B0}
	EndGlobalSection
	GlobalSection(ExtensibilityAddIns) = postSolution
	EndGlobalSection
EndGlobal
